
Microsoft Visual Studio Solution File, Format Version 12.00
# Visual Studio 15
VisualStudioVersion = 15.0.28307.329
MinimumVisualStudioVersion = 10.0.40219.1
Project("{FAE04EC0-301F-11D3-BF4B-00C04F79EFBC}") = "firmware_stripper", "firmware_stripper\firmware_stripper.csproj", "{3A6F3DA9-649A-4B19-A074-1E47EC40284C}"
EndProject
Global
	GlobalSection(SolutionConfigurationPlatforms) = preSolution
		Debug|Any CPU = Debug|Any CPU
		Release|Any CPU = Release|Any CPU
	EndGlobalSection
	GlobalSection(ProjectConfigurationPlatforms) = postSolution
		{3A6F3DA9-649A-4B19-A074-1E47EC40284C}.Debug|Any CPU.ActiveCfg = Debug|Any CPU
		{3A6F3DA9-649A-4B19-A074-1E47EC40284C}.Debug|Any CPU.Build.0 = Debug|Any CPU
		{3A6F3DA9-649A-4B19-A074-1E47EC40284C}.Release|Any CPU.ActiveCfg = Release|Any CPU
		{3A6F3DA9-649A-4B19-A074-1E47EC40284C}.Release|Any CPU.Build.0 = Release|Any CPU
	EndGlobalSection
	GlobalSection(SolutionProperties) = preSolution
		HideSolutionNode = FALSE
	EndGlobalSection
	GlobalSection(ExtensibilityGlobals) = postSolution
		SolutionGuid = {6EC0C2D6-8A31-44F2-AFD1-4E269799DEBF}
	EndGlobalSection
EndGlobal
